# This file is automatically @generated by Poetry 2.2.1 and should not be changed by hand.

[[package]]
name = "more-itertools"
version = "10.8.0"
description = "More routines for operating on iterables, beyond itertools"
optional = false
python-versions = ">=3.9"
groups = ["main"]
files = [
    {file = "more_itertools-10.8.0-py3-none-any.whl", hash = "sha256:52d4362373dcf7c52546bc4af9a86ee7c4579df9a8dc268be0a2f949d376cc9b"},
    {file = "more_itertools-10.8.0.tar.gz", hash = "sha256:f638ddf8a1a0d134181275fb5d58b086ead7c6a72429ad725c67503f13ba30bd"},
]

[[package]]
name = "tools"
version = "1.0.15"
description = "python syntax tool"
optional = false
python-versions = ">=3.6"
groups = ["main"]
files = [
    {file = "tools-1.0.15-py3-none-any.whl", hash = "sha256:d4fb0c698b46c16e75865fdc3341c2dd32068dc1f5952de72dbf4baaa3d81ba7"},
    {file = "tools-1.0.15.tar.gz", hash = "sha256:240fb42c6e2768c45844db738a801596844b6e6a18da059b2664c7b813bc7ff3"},
]

[metadata]
lock-version = "2.1"
python-versions = ">=3.13"
content-hash = "10cee7045b32503a4393c7a36e598a8abf0b439d543807480e2cae128174409f"
